
Microsoft Visual Studio Solution File, Format Version 12.00
# Visual Studio Version 17
VisualStudioVersion = 17.13.35806.99
MinimumVisualStudioVersion = 10.0.40219.1
Project("{2150E333-8FDC-42A3-9474-1A3956D46DE8}") = "src", "src", "{02EA681E-C7D8-13C7-8484-4AC65E1B71E8}"
EndProject
Project("{2150E333-8FDC-42A3-9474-1A3956D46DE8}") = "tests", "tests", "{EA4A4920-AF29-4AD6-8F32-2576A394B902}"
EndProject
Project("{FAE04EC0-301F-11D3-BF4B-00C04F79EFBC}") = "TodoApp.WebApi", "src\TodoApp.WebApi\TodoApp.WebApi.csproj", "{1970C359-F0A6-4602-9BE4-D9AB758BFF9D}"
EndProject
Project("{FAE04EC0-301F-11D3-BF4B-00C04F79EFBC}") = "TodoApp.Application", "src\TodoApp.Application\TodoApp.Application.csproj", "{479C894A-08FB-CB44-40DF-45E3676E5885}"
EndProject
Project("{FAE04EC0-301F-11D3-BF4B-00C04F79EFBC}") = "TodoApp.Core", "src\TodoApp.Core\TodoApp.Core.csproj", "{6DB64F8B-B3C4-60FE-BB03-83A8981AE11D}"
EndProject
Project("{FAE04EC0-301F-11D3-BF4B-00C04F79EFBC}") = "TodoApp.Infrastructure", "src\TodoApp.Infrastructure\TodoApp.Infrastructure.csproj", "{6FBD7998-B5CB-1507-2505-D0F94EC13262}"
EndProject
Project("{FAE04EC0-301F-11D3-BF4B-00C04F79EFBC}") = "TodoApp.UnitTests", "tests\TodoApp.UnitTests\TodoApp.UnitTests.csproj", "{B99A8AEC-2FEF-44BF-BD06-3735E5047C2D}"
EndProject
Project("{FAE04EC0-301F-11D3-BF4B-00C04F79EFBC}") = "TodoApp.IntegrationTests", "tests\TodoApp.IntegrationTests\TodoApp.IntegrationTests.csproj", "{50652CCB-DFFE-4772-A24D-D02F40E31806}"
EndProject
Global
	GlobalSection(SolutionConfigurationPlatforms) = preSolution
		Debug|Any CPU = Debug|Any CPU
		Release|Any CPU = Release|Any CPU
	EndGlobalSection
	GlobalSection(ProjectConfigurationPlatforms) = postSolution
		{1970C359-F0A6-4602-9BE4-D9AB758BFF9D}.Debug|Any CPU.ActiveCfg = Debug|Any CPU
		{1970C359-F0A6-4602-9BE4-D9AB758BFF9D}.Debug|Any CPU.Build.0 = Debug|Any CPU
		{1970C359-F0A6-4602-9BE4-D9AB758BFF9D}.Release|Any CPU.ActiveCfg = Release|Any CPU
		{1970C359-F0A6-4602-9BE4-D9AB758BFF9D}.Release|Any CPU.Build.0 = Release|Any CPU
		{479C894A-08FB-CB44-40DF-45E3676E5885}.Debug|Any CPU.ActiveCfg = Debug|Any CPU
		{479C894A-08FB-CB44-40DF-45E3676E5885}.Debug|Any CPU.Build.0 = Debug|Any CPU
		{479C894A-08FB-CB44-40DF-45E3676E5885}.Release|Any CPU.ActiveCfg = Release|Any CPU
		{479C894A-08FB-CB44-40DF-45E3676E5885}.Release|Any CPU.Build.0 = Release|Any CPU
		{6DB64F8B-B3C4-60FE-BB03-83A8981AE11D}.Debug|Any CPU.ActiveCfg = Debug|Any CPU
		{6DB64F8B-B3C4-60FE-BB03-83A8981AE11D}.Debug|Any CPU.Build.0 = Debug|Any CPU
		{6DB64F8B-B3C4-60FE-BB03-83A8981AE11D}.Release|Any CPU.ActiveCfg = Release|Any CPU
		{6DB64F8B-B3C4-60FE-BB03-83A8981AE11D}.Release|Any CPU.Build.0 = Release|Any CPU
		{6FBD7998-B5CB-1507-2505-D0F94EC13262}.Debug|Any CPU.ActiveCfg = Debug|Any CPU
		{6FBD7998-B5CB-1507-2505-D0F94EC13262}.Debug|Any CPU.Build.0 = Debug|Any CPU
		{6FBD7998-B5CB-1507-2505-D0F94EC13262}.Release|Any CPU.ActiveCfg = Release|Any CPU
		{6FBD7998-B5CB-1507-2505-D0F94EC13262}.Release|Any CPU.Build.0 = Release|Any CPU
		{B99A8AEC-2FEF-44BF-BD06-3735E5047C2D}.Debug|Any CPU.ActiveCfg = Debug|Any CPU
		{B99A8AEC-2FEF-44BF-BD06-3735E5047C2D}.Debug|Any CPU.Build.0 = Debug|Any CPU
		{B99A8AEC-2FEF-44BF-BD06-3735E5047C2D}.Release|Any CPU.ActiveCfg = Release|Any CPU
		{B99A8AEC-2FEF-44BF-BD06-3735E5047C2D}.Release|Any CPU.Build.0 = Release|Any CPU
		{50652CCB-DFFE-4772-A24D-D02F40E31806}.Debug|Any CPU.ActiveCfg = Debug|Any CPU
		{50652CCB-DFFE-4772-A24D-D02F40E31806}.Debug|Any CPU.Build.0 = Debug|Any CPU
		{50652CCB-DFFE-4772-A24D-D02F40E31806}.Release|Any CPU.ActiveCfg = Release|Any CPU
		{50652CCB-DFFE-4772-A24D-D02F40E31806}.Release|Any CPU.Build.0 = Release|Any CPU
	EndGlobalSection
	GlobalSection(SolutionProperties) = preSolution
		HideSolutionNode = FALSE
	EndGlobalSection
	GlobalSection(NestedProjects) = preSolution
		{1970C359-F0A6-4602-9BE4-D9AB758BFF9D} = {02EA681E-C7D8-13C7-8484-4AC65E1B71E8}
		{479C894A-08FB-CB44-40DF-45E3676E5885} = {02EA681E-C7D8-13C7-8484-4AC65E1B71E8}
		{6DB64F8B-B3C4-60FE-BB03-83A8981AE11D} = {02EA681E-C7D8-13C7-8484-4AC65E1B71E8}
		{6FBD7998-B5CB-1507-2505-D0F94EC13262} = {02EA681E-C7D8-13C7-8484-4AC65E1B71E8}
		{B99A8AEC-2FEF-44BF-BD06-3735E5047C2D} = {EA4A4920-AF29-4AD6-8F32-2576A394B902}
		{50652CCB-DFFE-4772-A24D-D02F40E31806} = {EA4A4920-AF29-4AD6-8F32-2576A394B902}
	EndGlobalSection
	GlobalSection(ExtensibilityGlobals) = postSolution
		SolutionGuid = {DD124B62-3A65-4D7D-BBA0-A51FD0E58E98}
	EndGlobalSection
EndGlobal
